PODS:
  - Alamofire (4.8.2)
  - BTNavigationDropdownMenu (0.5)
  - SDWebImage (5.0.1):
    - SDWebImage/Core (= 5.0.1)
  - SDWebImage/Core (5.0.1)
  - SwiftyJSON (5.0.0)

DEPENDENCIES:
  - Alamofire
  - BTNavigationDropdownMenu
  - SDWebImage
  - SwiftyJSON

SPEC REPOS:
  https://github.com/CocoaPods/Specs.git:
    - Alamofire
    - BTNavigationDropdownMenu
    - SDWebImage
    - SwiftyJSON

SPEC CHECKSUMS:
  Alamofire: ae5c501addb7afdbb13687d7f2f722c78734c2d3
  BTNavigationDropdownMenu: ba3a26fdb6a56c4721c31df8a0875106c259663a
  SDWebImage: 27dd2c9ea07a2252f94557c9fbb6105ee94b74c9
  SwiftyJSON: 36413e04c44ee145039d332b4f4e2d3e8d6c4db7

PODFILE CHECKSUM: 5e47ee5ea40b97477fede42c484292aff7a2d4dd

COCOAPODS: 1.6.1
